
Microsoft Visual Studio Solution File, Format Version 12.00
# Visual Studio 2013
VisualStudioVersion = 12.0.31101.0
MinimumVisualStudioVersion = 10.0.40219.1
Project("{FAE04EC0-301F-11D3-BF4B-00C04F79EFBC}") = "GSM", "GSM\GSM.csproj", "{7A025419-9F02-4AC0-AEA8-934846DEB81D}"
EndProject
Project("{FAE04EC0-301F-11D3-BF4B-00C04F79EFBC}") = "GSMConsoleApp", "GSM_ConsoleApp\GSMConsoleApp.csproj", "{761793AE-E9AB-4327-A0C3-723A94F37B68}"
EndProject
Global
	GlobalSection(SolutionConfigurationPlatforms) = preSolution
		Debug|Any CPU = Debug|Any CPU
		Release|Any CPU = Release|Any CPU
	EndGlobalSection
	GlobalSection(ProjectConfigurationPlatforms) = postSolution
		{7A025419-9F02-4AC0-AEA8-934846DEB81D}.Debug|Any CPU.ActiveCfg = Debug|Any CPU
		{7A025419-9F02-4AC0-AEA8-934846DEB81D}.Debug|Any CPU.Build.0 = Debug|Any CPU
		{7A025419-9F02-4AC0-AEA8-934846DEB81D}.Release|Any CPU.ActiveCfg = Release|Any CPU
		{7A025419-9F02-4AC0-AEA8-934846DEB81D}.Release|Any CPU.Build.0 = Release|Any CPU
		{761793AE-E9AB-4327-A0C3-723A94F37B68}.Debug|Any CPU.ActiveCfg = Debug|Any CPU
		{761793AE-E9AB-4327-A0C3-723A94F37B68}.Debug|Any CPU.Build.0 = Debug|Any CPU
		{761793AE-E9AB-4327-A0C3-723A94F37B68}.Release|Any CPU.ActiveCfg = Release|Any CPU
		{761793AE-E9AB-4327-A0C3-723A94F37B68}.Release|Any CPU.Build.0 = Release|Any CPU
	EndGlobalSection
	GlobalSection(SolutionProperties) = preSolution
		HideSolutionNode = FALSE
	EndGlobalSection
EndGlobal
