
Microsoft Visual Studio Solution File, Format Version 12.00
# Visual Studio 2013
VisualStudioVersion = 12.0.31101.0
MinimumVisualStudioVersion = 10.0.40219.1
Project("{FAE04EC0-301F-11D3-BF4B-00C04F79EFBC}") = "01.Shapes", "01.Shapes\01.Shapes.csproj", "{CA89F9D8-6C41-4F9B-9861-D563AF0C8F41}"
EndProject
Project("{FAE04EC0-301F-11D3-BF4B-00C04F79EFBC}") = "02.BankAccounts", "02.BankAccounts\02.BankAccounts.csproj", "{5D317951-37FC-48B9-82EF-E9585E5D22EE}"
EndProject
Project("{FAE04EC0-301F-11D3-BF4B-00C04F79EFBC}") = "03.RangeException", "03.RangeException\03.RangeException.csproj", "{DC6851B4-ABBF-4A25-9FB6-280C323C2309}"
EndProject
Global
	GlobalSection(SolutionConfigurationPlatforms) = preSolution
		Debug|Any CPU = Debug|Any CPU
		Release|Any CPU = Release|Any CPU
	EndGlobalSection
	GlobalSection(ProjectConfigurationPlatforms) = postSolution
		{CA89F9D8-6C41-4F9B-9861-D563AF0C8F41}.Debug|Any CPU.ActiveCfg = Debug|Any CPU
		{CA89F9D8-6C41-4F9B-9861-D563AF0C8F41}.Debug|Any CPU.Build.0 = Debug|Any CPU
		{CA89F9D8-6C41-4F9B-9861-D563AF0C8F41}.Release|Any CPU.ActiveCfg = Release|Any CPU
		{CA89F9D8-6C41-4F9B-9861-D563AF0C8F41}.Release|Any CPU.Build.0 = Release|Any CPU
		{5D317951-37FC-48B9-82EF-E9585E5D22EE}.Debug|Any CPU.ActiveCfg = Debug|Any CPU
		{5D317951-37FC-48B9-82EF-E9585E5D22EE}.Debug|Any CPU.Build.0 = Debug|Any CPU
		{5D317951-37FC-48B9-82EF-E9585E5D22EE}.Release|Any CPU.ActiveCfg = Release|Any CPU
		{5D317951-37FC-48B9-82EF-E9585E5D22EE}.Release|Any CPU.Build.0 = Release|Any CPU
		{DC6851B4-ABBF-4A25-9FB6-280C323C2309}.Debug|Any CPU.ActiveCfg = Debug|Any CPU
		{DC6851B4-ABBF-4A25-9FB6-280C323C2309}.Debug|Any CPU.Build.0 = Debug|Any CPU
		{DC6851B4-ABBF-4A25-9FB6-280C323C2309}.Release|Any CPU.ActiveCfg = Release|Any CPU
		{DC6851B4-ABBF-4A25-9FB6-280C323C2309}.Release|Any CPU.Build.0 = Release|Any CPU
	EndGlobalSection
	GlobalSection(SolutionProperties) = preSolution
		HideSolutionNode = FALSE
	EndGlobalSection
EndGlobal
